
Microsoft Visual Studio Solution File, Format Version 12.00
# Visual Studio 2012
Project("{FAE04EC0-301F-11D3-BF4B-00C04F79EFBC}") = "AsyncTasks", "AsyncTasks.csproj", "{FD0430E9-A30C-498C-B76B-7A925A00232B}"
EndProject
Project("{FAE04EC0-301F-11D3-BF4B-00C04F79EFBC}") = "AsyncTasks.iOS", "iOS\AsyncTasks.iOS.csproj", "{CD739613-9F47-4321-964B-EF845512FD3B}"
EndProject
Project("{FAE04EC0-301F-11D3-BF4B-00C04F79EFBC}") = "AsyncTasks.Droid", "Droid\AsyncTasks.Droid.csproj", "{8879D595-39FA-40E8-AAE6-CFF881C3143F}"
EndProject
Project("{D954291E-2A0B-460D-934E-DC6B0785DB48}") = "Realm.Shared", "..\..\Realm.Shared\Realm.Shared.shproj", "{826C8753-5C4A-4E95-B483-179B9892C008}"
EndProject
Project("{FAE04EC0-301F-11D3-BF4B-00C04F79EFBC}") = "Realm.PCL", "..\..\Realm.PCL\Realm.PCL.csproj", "{261C8EB6-9508-4D6A-9BED-39A544AA2736}"
EndProject
Project("{FAE04EC0-301F-11D3-BF4B-00C04F79EFBC}") = "Realm.XamarinIOS", "..\..\Realm.XamarinIOS\Realm.XamarinIOS.csproj", "{A55BD773-5A29-4B2A-9DB7-1AB1DD38B537}"
EndProject
Project("{FAE04EC0-301F-11D3-BF4B-00C04F79EFBC}") = "Realm.XamarinAndroid", "..\..\Realm.XamarinAndroid\Realm.XamarinAndroid.csproj", "{2379D669-4F4B-4FF6-AF8A-49FEA981EFC3}"
EndProject
Global
	GlobalSection(SolutionConfigurationPlatforms) = preSolution
		Debug|Any CPU = Debug|Any CPU
		Release|Any CPU = Release|Any CPU
		Debug|iPhoneSimulator = Debug|iPhoneSimulator
		Release|iPhone = Release|iPhone
		Release|iPhoneSimulator = Release|iPhoneSimulator
		Debug|iPhone = Debug|iPhone
		Debug|ARM = Debug|ARM
		Release|ARM = Release|ARM
	EndGlobalSection
	GlobalSection(ProjectConfigurationPlatforms) = postSolution
		{FD0430E9-A30C-498C-B76B-7A925A00232B}.Debug|Any CPU.ActiveCfg = Debug|Any CPU
		{FD0430E9-A30C-498C-B76B-7A925A00232B}.Debug|Any CPU.Build.0 = Debug|Any CPU
		{FD0430E9-A30C-498C-B76B-7A925A00232B}.Release|Any CPU.ActiveCfg = Release|Any CPU
		{FD0430E9-A30C-498C-B76B-7A925A00232B}.Release|Any CPU.Build.0 = Release|Any CPU
		{FD0430E9-A30C-498C-B76B-7A925A00232B}.Debug|iPhoneSimulator.ActiveCfg = Debug|Any CPU
		{FD0430E9-A30C-498C-B76B-7A925A00232B}.Debug|iPhoneSimulator.Build.0 = Debug|Any CPU
		{FD0430E9-A30C-498C-B76B-7A925A00232B}.Release|iPhone.ActiveCfg = Release|Any CPU
		{FD0430E9-A30C-498C-B76B-7A925A00232B}.Release|iPhone.Build.0 = Release|Any CPU
		{FD0430E9-A30C-498C-B76B-7A925A00232B}.Release|iPhoneSimulator.ActiveCfg = Release|Any CPU
		{FD0430E9-A30C-498C-B76B-7A925A00232B}.Release|iPhoneSimulator.Build.0 = Release|Any CPU
		{FD0430E9-A30C-498C-B76B-7A925A00232B}.Debug|iPhone.ActiveCfg = Debug|Any CPU
		{FD0430E9-A30C-498C-B76B-7A925A00232B}.Debug|iPhone.Build.0 = Debug|Any CPU
		{FD0430E9-A30C-498C-B76B-7A925A00232B}.Debug|ARM.ActiveCfg = Debug|Any CPU
		{FD0430E9-A30C-498C-B76B-7A925A00232B}.Debug|ARM.Build.0 = Debug|Any CPU
		{FD0430E9-A30C-498C-B76B-7A925A00232B}.Release|ARM.ActiveCfg = Release|Any CPU
		{FD0430E9-A30C-498C-B76B-7A925A00232B}.Release|ARM.Build.0 = Release|Any CPU
		{CD739613-9F47-4321-964B-EF845512FD3B}.Debug|Any CPU.ActiveCfg = Debug|iPhoneSimulator
		{CD739613-9F47-4321-964B-EF845512FD3B}.Debug|Any CPU.Build.0 = Debug|iPhoneSimulator
		{CD739613-9F47-4321-964B-EF845512FD3B}.Release|Any CPU.ActiveCfg = Release|iPhone
		{CD739613-9F47-4321-964B-EF845512FD3B}.Release|Any CPU.Build.0 = Release|iPhone
		{CD739613-9F47-4321-964B-EF845512FD3B}.Debug|iPhoneSimulator.ActiveCfg = Debug|iPhoneSimulator
		{CD739613-9F47-4321-964B-EF845512FD3B}.Debug|iPhoneSimulator.Build.0 = Debug|iPhoneSimulator
		{CD739613-9F47-4321-964B-EF845512FD3B}.Release|iPhone.ActiveCfg = Release|iPhone
		{CD739613-9F47-4321-964B-EF845512FD3B}.Release|iPhone.Build.0 = Release|iPhone
		{CD739613-9F47-4321-964B-EF845512FD3B}.Release|iPhoneSimulator.ActiveCfg = Release|iPhoneSimulator
		{CD739613-9F47-4321-964B-EF845512FD3B}.Release|iPhoneSimulator.Build.0 = Release|iPhoneSimulator
		{CD739613-9F47-4321-964B-EF845512FD3B}.Debug|iPhone.ActiveCfg = Debug|iPhone
		{CD739613-9F47-4321-964B-EF845512FD3B}.Debug|iPhone.Build.0 = Debug|iPhone
		{CD739613-9F47-4321-964B-EF845512FD3B}.Debug|ARM.ActiveCfg = Debug|iPhoneSimulator
		{CD739613-9F47-4321-964B-EF845512FD3B}.Debug|ARM.Build.0 = Debug|iPhoneSimulator
		{CD739613-9F47-4321-964B-EF845512FD3B}.Release|ARM.ActiveCfg = Release|iPhone
		{CD739613-9F47-4321-964B-EF845512FD3B}.Release|ARM.Build.0 = Release|iPhone
		{8879D595-39FA-40E8-AAE6-CFF881C3143F}.Debug|Any CPU.ActiveCfg = Debug|Any CPU
		{8879D595-39FA-40E8-AAE6-CFF881C3143F}.Debug|Any CPU.Build.0 = Debug|Any CPU
		{8879D595-39FA-40E8-AAE6-CFF881C3143F}.Release|Any CPU.ActiveCfg = Release|Any CPU
		{8879D595-39FA-40E8-AAE6-CFF881C3143F}.Release|Any CPU.Build.0 = Release|Any CPU
		{8879D595-39FA-40E8-AAE6-CFF881C3143F}.Debug|iPhoneSimulator.ActiveCfg = Debug|Any CPU
		{8879D595-39FA-40E8-AAE6-CFF881C3143F}.Debug|iPhoneSimulator.Build.0 = Debug|Any CPU
		{8879D595-39FA-40E8-AAE6-CFF881C3143F}.Release|iPhone.ActiveCfg = Release|Any CPU
		{8879D595-39FA-40E8-AAE6-CFF881C3143F}.Release|iPhone.Build.0 = Release|Any CPU
		{8879D595-39FA-40E8-AAE6-CFF881C3143F}.Release|iPhoneSimulator.ActiveCfg = Release|Any CPU
		{8879D595-39FA-40E8-AAE6-CFF881C3143F}.Release|iPhoneSimulator.Build.0 = Release|Any CPU
		{8879D595-39FA-40E8-AAE6-CFF881C3143F}.Debug|iPhone.ActiveCfg = Debug|Any CPU
		{8879D595-39FA-40E8-AAE6-CFF881C3143F}.Debug|iPhone.Build.0 = Debug|Any CPU
		{8879D595-39FA-40E8-AAE6-CFF881C3143F}.Debug|ARM.ActiveCfg = Debug|Any CPU
		{8879D595-39FA-40E8-AAE6-CFF881C3143F}.Debug|ARM.Build.0 = Debug|Any CPU
		{8879D595-39FA-40E8-AAE6-CFF881C3143F}.Release|ARM.ActiveCfg = Release|Any CPU
		{8879D595-39FA-40E8-AAE6-CFF881C3143F}.Release|ARM.Build.0 = Release|Any CPU
		{261C8EB6-9508-4D6A-9BED-39A544AA2736}.Debug|Any CPU.ActiveCfg = Debug|Any CPU
		{261C8EB6-9508-4D6A-9BED-39A544AA2736}.Debug|Any CPU.Build.0 = Debug|Any CPU
		{261C8EB6-9508-4D6A-9BED-39A544AA2736}.Release|Any CPU.ActiveCfg = Release|Any CPU
		{261C8EB6-9508-4D6A-9BED-39A544AA2736}.Release|Any CPU.Build.0 = Release|Any CPU
		{261C8EB6-9508-4D6A-9BED-39A544AA2736}.Debug|iPhoneSimulator.ActiveCfg = Debug|Any CPU
		{261C8EB6-9508-4D6A-9BED-39A544AA2736}.Debug|iPhoneSimulator.Build.0 = Debug|Any CPU
		{261C8EB6-9508-4D6A-9BED-39A544AA2736}.Release|iPhone.ActiveCfg = Release|Any CPU
		{261C8EB6-9508-4D6A-9BED-39A544AA2736}.Release|iPhone.Build.0 = Release|Any CPU
		{261C8EB6-9508-4D6A-9BED-39A544AA2736}.Release|iPhoneSimulator.ActiveCfg = Release|Any CPU
		{261C8EB6-9508-4D6A-9BED-39A544AA2736}.Release|iPhoneSimulator.Build.0 = Release|Any CPU
		{261C8EB6-9508-4D6A-9BED-39A544AA2736}.Debug|iPhone.ActiveCfg = Debug|Any CPU
		{261C8EB6-9508-4D6A-9BED-39A544AA2736}.Debug|iPhone.Build.0 = Debug|Any CPU
		{261C8EB6-9508-4D6A-9BED-39A544AA2736}.Debug|ARM.ActiveCfg = Debug|Any CPU
		{261C8EB6-9508-4D6A-9BED-39A544AA2736}.Debug|ARM.Build.0 = Debug|Any CPU
		{261C8EB6-9508-4D6A-9BED-39A544AA2736}.Release|ARM.ActiveCfg = Release|Any CPU
		{261C8EB6-9508-4D6A-9BED-39A544AA2736}.Release|ARM.Build.0 = Release|Any CPU
		{A55BD773-5A29-4B2A-9DB7-1AB1DD38B537}.Debug|Any CPU.ActiveCfg = Debug|iPhoneSimulator
		{A55BD773-5A29-4B2A-9DB7-1AB1DD38B537}.Debug|Any CPU.Build.0 = Debug|iPhoneSimulator
		{A55BD773-5A29-4B2A-9DB7-1AB1DD38B537}.Release|Any CPU.ActiveCfg = Release|iPhone
		{A55BD773-5A29-4B2A-9DB7-1AB1DD38B537}.Release|Any CPU.Build.0 = Release|iPhone
		{A55BD773-5A29-4B2A-9DB7-1AB1DD38B537}.Debug|iPhoneSimulator.ActiveCfg = Debug|iPhoneSimulator
		{A55BD773-5A29-4B2A-9DB7-1AB1DD38B537}.Debug|iPhoneSimulator.Build.0 = Debug|iPhoneSimulator
		{A55BD773-5A29-4B2A-9DB7-1AB1DD38B537}.Release|iPhone.ActiveCfg = Release|iPhone
		{A55BD773-5A29-4B2A-9DB7-1AB1DD38B537}.Release|iPhone.Build.0 = Release|iPhone
		{A55BD773-5A29-4B2A-9DB7-1AB1DD38B537}.Release|iPhoneSimulator.ActiveCfg = Release|iPhoneSimulator
		{A55BD773-5A29-4B2A-9DB7-1AB1DD38B537}.Release|iPhoneSimulator.Build.0 = Release|iPhoneSimulator
		{A55BD773-5A29-4B2A-9DB7-1AB1DD38B537}.Debug|iPhone.ActiveCfg = Debug|iPhone
		{A55BD773-5A29-4B2A-9DB7-1AB1DD38B537}.Debug|iPhone.Build.0 = Debug|iPhone
		{A55BD773-5A29-4B2A-9DB7-1AB1DD38B537}.Debug|ARM.ActiveCfg = Debug|iPhoneSimulator
		{A55BD773-5A29-4B2A-9DB7-1AB1DD38B537}.Debug|ARM.Build.0 = Debug|iPhoneSimulator
		{A55BD773-5A29-4B2A-9DB7-1AB1DD38B537}.Release|ARM.ActiveCfg = Release|iPhoneSimulator
		{A55BD773-5A29-4B2A-9DB7-1AB1DD38B537}.Release|ARM.Build.0 = Release|iPhoneSimulator
		{2379D669-4F4B-4FF6-AF8A-49FEA981EFC3}.Debug|Any CPU.ActiveCfg = Debug|ARM
		{2379D669-4F4B-4FF6-AF8A-49FEA981EFC3}.Debug|Any CPU.Build.0 = Debug|ARM
		{2379D669-4F4B-4FF6-AF8A-49FEA981EFC3}.Release|Any CPU.ActiveCfg = Release|ARM
		{2379D669-4F4B-4FF6-AF8A-49FEA981EFC3}.Release|Any CPU.Build.0 = Release|ARM
		{2379D669-4F4B-4FF6-AF8A-49FEA981EFC3}.Debug|iPhoneSimulator.ActiveCfg = Debug|ARM
		{2379D669-4F4B-4FF6-AF8A-49FEA981EFC3}.Debug|iPhoneSimulator.Build.0 = Debug|ARM
		{2379D669-4F4B-4FF6-AF8A-49FEA981EFC3}.Release|iPhone.ActiveCfg = Release|ARM
		{2379D669-4F4B-4FF6-AF8A-49FEA981EFC3}.Release|iPhone.Build.0 = Release|ARM
		{2379D669-4F4B-4FF6-AF8A-49FEA981EFC3}.Release|iPhoneSimulator.ActiveCfg = Release|ARM
		{2379D669-4F4B-4FF6-AF8A-49FEA981EFC3}.Release|iPhoneSimulator.Build.0 = Release|ARM
		{2379D669-4F4B-4FF6-AF8A-49FEA981EFC3}.Debug|iPhone.ActiveCfg = Debug|ARM
		{2379D669-4F4B-4FF6-AF8A-49FEA981EFC3}.Debug|iPhone.Build.0 = Debug|ARM
		{2379D669-4F4B-4FF6-AF8A-49FEA981EFC3}.Debug|ARM.ActiveCfg = Debug|ARM
		{2379D669-4F4B-4FF6-AF8A-49FEA981EFC3}.Debug|ARM.Build.0 = Debug|ARM
		{2379D669-4F4B-4FF6-AF8A-49FEA981EFC3}.Release|ARM.ActiveCfg = Release|ARM
		{2379D669-4F4B-4FF6-AF8A-49FEA981EFC3}.Release|ARM.Build.0 = Release|ARM
	EndGlobalSection
EndGlobal
